
Microsoft Visual Studio Solution File, Format Version 11.00
# Visual Studio 2010
Project("{FAE04EC0-301F-11D3-BF4B-00C04F79EFBC}") = "UnityEngine.TestRunner", "UnityEngine.TestRunner.csproj", "{FD89F056-9CDA-1B45-D4B6-535A5CAA45D5}"
EndProject
Project("{FAE04EC0-301F-11D3-BF4B-00C04F79EFBC}") = "Unity.Timeline", "Unity.Timeline.csproj", "{D0A48F61-B2AC-4EEF-2A7D-9EAC4ED1EBE7}"
EndProject
Project("{FAE04EC0-301F-11D3-BF4B-00C04F79EFBC}") = "UnityEngine.UI", "UnityEngine.UI.csproj", "{8B67AEF8-3E44-9D1F-3A2F-D4D764E25DB1}"
EndProject
Project("{FAE04EC0-301F-11D3-BF4B-00C04F79EFBC}") = "Unity.TextMeshPro", "Unity.TextMeshPro.csproj", "{31C47B48-84AA-EBFC-A20C-4162F1E78764}"
EndProject
Project("{FAE04EC0-301F-11D3-BF4B-00C04F79EFBC}") = "Assembly-CSharp", "Assembly-CSharp.csproj", "{1EDD3D7E-C575-410D-C6B2-904E79F7EB67}"
EndProject
Project("{FAE04EC0-301F-11D3-BF4B-00C04F79EFBC}") = "UnityEditor.TestRunner", "UnityEditor.TestRunner.csproj", "{FBAB5C67-76A6-96D2-C172-6B248E487082}"
EndProject
Project("{FAE04EC0-301F-11D3-BF4B-00C04F79EFBC}") = "Unity.PlasticSCM.Editor", "Unity.PlasticSCM.Editor.csproj", "{452B20F2-FBEC-A052-924A-7C8670B07D02}"
EndProject
Project("{FAE04EC0-301F-11D3-BF4B-00C04F79EFBC}") = "UnityEditor.UI", "UnityEditor.UI.csproj", "{E5CB1C93-B06C-A3E2-AAEE-AD92033BC168}"
EndProject
Project("{FAE04EC0-301F-11D3-BF4B-00C04F79EFBC}") = "Unity.Services.Core.Editor", "Unity.Services.Core.Editor.csproj", "{863344FA-F272-22BC-99E4-798F8F18A162}"
EndProject
Project("{FAE04EC0-301F-11D3-BF4B-00C04F79EFBC}") = "Unity.Timeline.Editor", "Unity.Timeline.Editor.csproj", "{8CC7117B-4EC4-302D-B035-176FFF1B4765}"
EndProject
Project("{FAE04EC0-301F-11D3-BF4B-00C04F79EFBC}") = "Unity.VisualStudio.Editor", "Unity.VisualStudio.Editor.csproj", "{438574FF-87B5-12A6-FA90-DBE286ABFCE5}"
EndProject
Project("{FAE04EC0-301F-11D3-BF4B-00C04F79EFBC}") = "Unity.TextMeshPro.Editor", "Unity.TextMeshPro.Editor.csproj", "{40A0101A-E40C-0277-A326-997FAC38EE02}"
EndProject
Project("{FAE04EC0-301F-11D3-BF4B-00C04F79EFBC}") = "Unity.CollabProxy.Editor", "Unity.CollabProxy.Editor.csproj", "{5E6EEE9E-20AD-C282-FCBE-94769EBC3461}"
EndProject
Project("{FAE04EC0-301F-11D3-BF4B-00C04F79EFBC}") = "Unity.Rider.Editor", "Unity.Rider.Editor.csproj", "{FAAA2489-E364-8701-D656-DF5EA79074F9}"
EndProject
Project("{FAE04EC0-301F-11D3-BF4B-00C04F79EFBC}") = "Unity.VSCode.Editor", "Unity.VSCode.Editor.csproj", "{99A55B7D-5EBC-5851-E9CF-E245B2CD483E}"
EndProject
Project("{FAE04EC0-301F-11D3-BF4B-00C04F79EFBC}") = "UnityEngine.TestRunner.Player", "UnityEngine.TestRunner.Player.csproj", "{8A0CDEF2-D391-3350-2E1E-97692E058466}"
EndProject
Project("{FAE04EC0-301F-11D3-BF4B-00C04F79EFBC}") = "Unity.Timeline.Player", "Unity.Timeline.Player.csproj", "{2316AEC2-FFDE-A981-A8B9-B9E35FEDDC44}"
EndProject
Project("{FAE04EC0-301F-11D3-BF4B-00C04F79EFBC}") = "UnityEngine.UI.Player", "UnityEngine.UI.Player.csproj", "{17165E77-F680-A4BB-DB8C-D342CDC02AEA}"
EndProject
Project("{FAE04EC0-301F-11D3-BF4B-00C04F79EFBC}") = "Unity.TextMeshPro.Player", "Unity.TextMeshPro.Player.csproj", "{E3C90F51-CE5E-FC3E-9339-1E41A27C2779}"
EndProject
Project("{FAE04EC0-301F-11D3-BF4B-00C04F79EFBC}") = "Assembly-CSharp.Player", "Assembly-CSharp.Player.csproj", "{2138484A-CDC2-8B73-3C33-3643992A77F9}"
EndProject
Global
	GlobalSection(SolutionConfigurationPlatforms) = preSolution
		Debug|Any CPU = Debug|Any CPU
		Release|Any CPU = Release|Any CPU
	EndGlobalSection
	GlobalSection(ProjectConfigurationPlatforms) = postSolution
		{FD89F056-9CDA-1B45-D4B6-535A5CAA45D5}.Debug|Any CPU.ActiveCfg = Debug|Any CPU
		{FD89F056-9CDA-1B45-D4B6-535A5CAA45D5}.Debug|Any CPU.Build.0 = Debug|Any CPU
		{FD89F056-9CDA-1B45-D4B6-535A5CAA45D5}.Release|Any CPU.ActiveCfg = Release|Any CPU
		{FD89F056-9CDA-1B45-D4B6-535A5CAA45D5}.Release|Any CPU.Build.0 = Release|Any CPU
		{D0A48F61-B2AC-4EEF-2A7D-9EAC4ED1EBE7}.Debug|Any CPU.ActiveCfg = Debug|Any CPU
		{D0A48F61-B2AC-4EEF-2A7D-9EAC4ED1EBE7}.Debug|Any CPU.Build.0 = Debug|Any CPU
		{D0A48F61-B2AC-4EEF-2A7D-9EAC4ED1EBE7}.Release|Any CPU.ActiveCfg = Release|Any CPU
		{D0A48F61-B2AC-4EEF-2A7D-9EAC4ED1EBE7}.Release|Any CPU.Build.0 = Release|Any CPU
		{8B67AEF8-3E44-9D1F-3A2F-D4D764E25DB1}.Debug|Any CPU.ActiveCfg = Debug|Any CPU
		{8B67AEF8-3E44-9D1F-3A2F-D4D764E25DB1}.Debug|Any CPU.Build.0 = Debug|Any CPU
		{8B67AEF8-3E44-9D1F-3A2F-D4D764E25DB1}.Release|Any CPU.ActiveCfg = Release|Any CPU
		{8B67AEF8-3E44-9D1F-3A2F-D4D764E25DB1}.Release|Any CPU.Build.0 = Release|Any CPU
		{31C47B48-84AA-EBFC-A20C-4162F1E78764}.Debug|Any CPU.ActiveCfg = Debug|Any CPU
		{31C47B48-84AA-EBFC-A20C-4162F1E78764}.Debug|Any CPU.Build.0 = Debug|Any CPU
		{31C47B48-84AA-EBFC-A20C-4162F1E78764}.Release|Any CPU.ActiveCfg = Release|Any CPU
		{31C47B48-84AA-EBFC-A20C-4162F1E78764}.Release|Any CPU.Build.0 = Release|Any CPU
		{1EDD3D7E-C575-410D-C6B2-904E79F7EB67}.Debug|Any CPU.ActiveCfg = Debug|Any CPU
		{1EDD3D7E-C575-410D-C6B2-904E79F7EB67}.Debug|Any CPU.Build.0 = Debug|Any CPU
		{1EDD3D7E-C575-410D-C6B2-904E79F7EB67}.Release|Any CPU.ActiveCfg = Release|Any CPU
		{1EDD3D7E-C575-410D-C6B2-904E79F7EB67}.Release|Any CPU.Build.0 = Release|Any CPU
		{FBAB5C67-76A6-96D2-C172-6B248E487082}.Debug|Any CPU.ActiveCfg = Debug|Any CPU
		{FBAB5C67-76A6-96D2-C172-6B248E487082}.Debug|Any CPU.Build.0 = Debug|Any CPU
		{FBAB5C67-76A6-96D2-C172-6B248E487082}.Release|Any CPU.ActiveCfg = Release|Any CPU
		{FBAB5C67-76A6-96D2-C172-6B248E487082}.Release|Any CPU.Build.0 = Release|Any CPU
		{452B20F2-FBEC-A052-924A-7C8670B07D02}.Debug|Any CPU.ActiveCfg = Debug|Any CPU
		{452B20F2-FBEC-A052-924A-7C8670B07D02}.Debug|Any CPU.Build.0 = Debug|Any CPU
		{452B20F2-FBEC-A052-924A-7C8670B07D02}.Release|Any CPU.ActiveCfg = Release|Any CPU
		{452B20F2-FBEC-A052-924A-7C8670B07D02}.Release|Any CPU.Build.0 = Release|Any CPU
		{E5CB1C93-B06C-A3E2-AAEE-AD92033BC168}.Debug|Any CPU.ActiveCfg = Debug|Any CPU
		{E5CB1C93-B06C-A3E2-AAEE-AD92033BC168}.Debug|Any CPU.Build.0 = Debug|Any CPU
		{E5CB1C93-B06C-A3E2-AAEE-AD92033BC168}.Release|Any CPU.ActiveCfg = Release|Any CPU
		{E5CB1C93-B06C-A3E2-AAEE-AD92033BC168}.Release|Any CPU.Build.0 = Release|Any CPU
		{863344FA-F272-22BC-99E4-798F8F18A162}.Debug|Any CPU.ActiveCfg = Debug|Any CPU
		{863344FA-F272-22BC-99E4-798F8F18A162}.Debug|Any CPU.Build.0 = Debug|Any CPU
		{863344FA-F272-22BC-99E4-798F8F18A162}.Release|Any CPU.ActiveCfg = Release|Any CPU
		{863344FA-F272-22BC-99E4-798F8F18A162}.Release|Any CPU.Build.0 = Release|Any CPU
		{8CC7117B-4EC4-302D-B035-176FFF1B4765}.Debug|Any CPU.ActiveCfg = Debug|Any CPU
		{8CC7117B-4EC4-302D-B035-176FFF1B4765}.Debug|Any CPU.Build.0 = Debug|Any CPU
		{8CC7117B-4EC4-302D-B035-176FFF1B4765}.Release|Any CPU.ActiveCfg = Release|Any CPU
		{8CC7117B-4EC4-302D-B035-176FFF1B4765}.Release|Any CPU.Build.0 = Release|Any CPU
		{438574FF-87B5-12A6-FA90-DBE286ABFCE5}.Debug|Any CPU.ActiveCfg = Debug|Any CPU
		{438574FF-87B5-12A6-FA90-DBE286ABFCE5}.Debug|Any CPU.Build.0 = Debug|Any CPU
		{438574FF-87B5-12A6-FA90-DBE286ABFCE5}.Release|Any CPU.ActiveCfg = Release|Any CPU
		{438574FF-87B5-12A6-FA90-DBE286ABFCE5}.Release|Any CPU.Build.0 = Release|Any CPU
		{40A0101A-E40C-0277-A326-997FAC38EE02}.Debug|Any CPU.ActiveCfg = Debug|Any CPU
		{40A0101A-E40C-0277-A326-997FAC38EE02}.Debug|Any CPU.Build.0 = Debug|Any CPU
		{40A0101A-E40C-0277-A326-997FAC38EE02}.Release|Any CPU.ActiveCfg = Release|Any CPU
		{40A0101A-E40C-0277-A326-997FAC38EE02}.Release|Any CPU.Build.0 = Release|Any CPU
		{5E6EEE9E-20AD-C282-FCBE-94769EBC3461}.Debug|Any CPU.ActiveCfg = Debug|Any CPU
		{5E6EEE9E-20AD-C282-FCBE-94769EBC3461}.Debug|Any CPU.Build.0 = Debug|Any CPU
		{5E6EEE9E-20AD-C282-FCBE-94769EBC3461}.Release|Any CPU.ActiveCfg = Release|Any CPU
		{5E6EEE9E-20AD-C282-FCBE-94769EBC3461}.Release|Any CPU.Build.0 = Release|Any CPU
		{FAAA2489-E364-8701-D656-DF5EA79074F9}.Debug|Any CPU.ActiveCfg = Debug|Any CPU
		{FAAA2489-E364-8701-D656-DF5EA79074F9}.Debug|Any CPU.Build.0 = Debug|Any CPU
		{FAAA2489-E364-8701-D656-DF5EA79074F9}.Release|Any CPU.ActiveCfg = Release|Any CPU
		{FAAA2489-E364-8701-D656-DF5EA79074F9}.Release|Any CPU.Build.0 = Release|Any CPU
		{99A55B7D-5EBC-5851-E9CF-E245B2CD483E}.Debug|Any CPU.ActiveCfg = Debug|Any CPU
		{99A55B7D-5EBC-5851-E9CF-E245B2CD483E}.Debug|Any CPU.Build.0 = Debug|Any CPU
		{99A55B7D-5EBC-5851-E9CF-E245B2CD483E}.Release|Any CPU.ActiveCfg = Release|Any CPU
		{99A55B7D-5EBC-5851-E9CF-E245B2CD483E}.Release|Any CPU.Build.0 = Release|Any CPU
		{8A0CDEF2-D391-3350-2E1E-97692E058466}.Debug|Any CPU.ActiveCfg = Debug|Any CPU
		{8A0CDEF2-D391-3350-2E1E-97692E058466}.Debug|Any CPU.Build.0 = Debug|Any CPU
		{8A0CDEF2-D391-3350-2E1E-97692E058466}.Release|Any CPU.ActiveCfg = Release|Any CPU
		{8A0CDEF2-D391-3350-2E1E-97692E058466}.Release|Any CPU.Build.0 = Release|Any CPU
		{2316AEC2-FFDE-A981-A8B9-B9E35FEDDC44}.Debug|Any CPU.ActiveCfg = Debug|Any CPU
		{2316AEC2-FFDE-A981-A8B9-B9E35FEDDC44}.Debug|Any CPU.Build.0 = Debug|Any CPU
		{2316AEC2-FFDE-A981-A8B9-B9E35FEDDC44}.Release|Any CPU.ActiveCfg = Release|Any CPU
		{2316AEC2-FFDE-A981-A8B9-B9E35FEDDC44}.Release|Any CPU.Build.0 = Release|Any CPU
		{17165E77-F680-A4BB-DB8C-D342CDC02AEA}.Debug|Any CPU.ActiveCfg = Debug|Any CPU
		{17165E77-F680-A4BB-DB8C-D342CDC02AEA}.Debug|Any CPU.Build.0 = Debug|Any CPU
		{17165E77-F680-A4BB-DB8C-D342CDC02AEA}.Release|Any CPU.ActiveCfg = Release|Any CPU
		{17165E77-F680-A4BB-DB8C-D342CDC02AEA}.Release|Any CPU.Build.0 = Release|Any CPU
		{E3C90F51-CE5E-FC3E-9339-1E41A27C2779}.Debug|Any CPU.ActiveCfg = Debug|Any CPU
		{E3C90F51-CE5E-FC3E-9339-1E41A27C2779}.Debug|Any CPU.Build.0 = Debug|Any CPU
		{E3C90F51-CE5E-FC3E-9339-1E41A27C2779}.Release|Any CPU.ActiveCfg = Release|Any CPU
		{E3C90F51-CE5E-FC3E-9339-1E41A27C2779}.Release|Any CPU.Build.0 = Release|Any CPU
		{2138484A-CDC2-8B73-3C33-3643992A77F9}.Debug|Any CPU.ActiveCfg = Debug|Any CPU
		{2138484A-CDC2-8B73-3C33-3643992A77F9}.Debug|Any CPU.Build.0 = Debug|Any CPU
		{2138484A-CDC2-8B73-3C33-3643992A77F9}.Release|Any CPU.ActiveCfg = Release|Any CPU
		{2138484A-CDC2-8B73-3C33-3643992A77F9}.Release|Any CPU.Build.0 = Release|Any CPU
	EndGlobalSection
	GlobalSection(SolutionProperties) = preSolution
		HideSolutionNode = FALSE
	EndGlobalSection
EndGlobal
